// !$*UTF8*$!
{
	archiveVersion = 1;
	classes = {
	};
	objectVersion = 50;
	objects = {

/* Begin PBXBuildFile section */
		A929985521AB62FE0003F578 /* AppDelegate.swift in Sources */ = {isa = PBXBuildFile; fileRef = A929985421AB62FE0003F578 /* AppDelegate.swift */; };
		A929985A21AB62FE0003F578 /* Main.storyboard in Resources */ = {isa = PBXBuildFile; fileRef = A929985821AB62FE0003F578 /* Main.storyboard */; };
		A929985C21AB63000003F578 /* Assets.xcassets in Resources */ = {isa = PBXBuildFile; fileRef = A929985B21AB63000003F578 /* Assets.xcassets */; };
		A929985F21AB63000003F578 /* LaunchScreen.storyboard in Resources */ = {isa = PBXBuildFile; fileRef = A929985D21AB63000003F578 /* LaunchScreen.storyboard */; };
		A929986921AB719F0003F578 /* PreviewViewController.swift in Sources */ = {isa = PBXBuildFile; fileRef = A929986821AB719F0003F578 /* PreviewViewController.swift */; };
		A952EB6921B32293005F2F20 /* ViewController.swift in Sources */ = {isa = PBXBuildFile; fileRef = A952EB6821B32293005F2F20 /* ViewController.swift */; };
/* End PBXBuildFile section */

/* Begin PBXFileReference section */
		A929985121AB62FE0003F578 /* GuilleCameraInt.app */ = {isa = PBXFileReference; explicitFileType = wrapper.application; includeInIndex = 0; path = GuilleCameraInt.app; sourceTree = BUILT_PRODUCTS_DIR; };
		A929985421AB62FE0003F578 /* AppDelegate.swift */ = {isa = PBXFileReference; lastKnownFileType = sourcecode.swift; path = AppDelegate.swift; sourceTree = "<group>"; };
		A929985921AB62FE0003F578 /* Base */ = {isa = PBXFileReference; lastKnownFileType = file.storyboard; name = Base; path = Base.lproj/Main.storyboard; sourceTree = "<group>"; };
		A929985B21AB63000003F578 /* Assets.xcassets */ = {isa = PBXFileReference; lastKnownFileType = folder.assetcatalog; path = Assets.xcassets; sourceTree = "<group>"; };
		A929985E21AB63000003F578 /* Base */ = {isa = PBXFileReference; lastKnownFileType = file.storyboard; name = Base; path = Base.lproj/LaunchScreen.storyboard; sourceTree = "<group>"; };
		A929986021AB63000003F578 /* Info.plist */ = {isa = PBXFileReference; lastKnownFileType = text.plist.xml; path = Info.plist; sourceTree = "<group>"; };
		A929986821AB719F0003F578 /* PreviewViewController.swift */ = {isa = PBXFileReference; lastKnownFileType = sourcecode.swift; path = PreviewViewController.swift; sourceTree = "<group>"; };
		A952EB6821B32293005F2F20 /* ViewController.swift */ = {isa = PBXFileReference; lastKnownFileType = sourcecode.swift; path = ViewController.swift; sourceTree = "<group>"; };
/* End PBXFileReference section */

/* Begin PBXFrameworksBuildPhase section */
		A929984E21AB62FE0003F578 /* Frameworks */ = {
			isa = PBXFrameworksBuildPhase;
			buildActionMask = 2147483647;
			files = (
			);
			runOnlyForDeploymentPostprocessing = 0;
		};
/* End PBXFrameworksBuildPhase section */

/* Begin PBXGroup section */
		A929984821AB62FE0003F578 = {
			isa = PBXGroup;
			children = (
				A929985321AB62FE0003F578 /* GuilleCameraInt */,
				A929985221AB62FE0003F578 /* Products */,
			);
			sourceTree = "<group>";
		};
		A929985221AB62FE0003F578 /* Products */ = {
			isa = PBXGroup;
			children = (
				A929985121AB62FE0003F578 /* GuilleCameraInt.app */,
			);
			name = Products;
			sourceTree = "<group>";
		};
		A929985321AB62FE0003F578 /* GuilleCameraInt */ = {
			isa = PBXGroup;
			children = (
				A929985421AB62FE0003F578 /* AppDelegate.swift */,
				A929986A21AB8C4E0003F578 /* Views */,
				A929986B21AB8C5D0003F578 /* Controllers */,
				A929985B21AB63000003F578 /* Assets.xcassets */,
				A929985D21AB63000003F578 /* LaunchScreen.storyboard */,
				A929986021AB63000003F578 /* Info.plist */,
			);
			path = GuilleCameraInt;
			sourceTree = "<group>";
		};
		A929986A21AB8C4E0003F578 /* Views */ = {
			isa = PBXGroup;
			children = (
				A929985821AB62FE0003F578 /* Main.storyboard */,
			);
			path = Views;
			sourceTree = "<group>";
		};
		A929986B21AB8C5D0003F578 /* Controllers */ = {
			isa = PBXGroup;
			children = (
				A952EB6821B32293005F2F20 /* ViewController.swift */,
				A929986821AB719F0003F578 /* PreviewViewController.swift */,
			);
			path = Controllers;
			sourceTree = "<group>";
		};
/* End PBXGroup section */

/* Begin PBXNativeTarget section */
		A929985021AB62FE0003F578 /* GuilleCameraInt */ = {
			isa = PBXNativeTarget;
			buildConfigurationList = A929986321AB63000003F578 /* Build configuration list for PBXNativeTarget "GuilleCameraInt" */;
			buildPhases = (
				A929984D21AB62FE0003F578 /* Sources */,
				A929984E21AB62FE0003F578 /* Frameworks */,
				A929984F21AB62FE0003F578 /* Resources */,
			);
			buildRules = (
			);
			dependencies = (
			);
			name = GuilleCameraInt;
			productName = GuilleCameraInt;
			productReference = A929985121AB62FE0003F578 /* GuilleCameraInt.app */;
			productType = "com.apple.product-type.application";
		};
/* End PBXNativeTarget section */

/* Begin PBXProject section */
		A929984921AB62FE0003F578 /* Project object */ = {
			isa = PBXProject;
			attributes = {
				LastSwiftUpdateCheck = 1010;
				LastUpgradeCheck = 1010;
				ORGANIZATIONNAME = "Alex Ramirez Blonski";
				TargetAttributes = {
					A929985021AB62FE0003F578 = {
						CreatedOnToolsVersion = 10.1;
					};
				};
			};
			buildConfigurationList = A929984C21AB62FE0003F578 /* Build configuration list for PBXProject "GuilleCameraInt" */;
			compatibilityVersion = "Xcode 9.3";
			developmentRegion = en;
			hasScannedForEncodings = 0;
			knownRegions = (
				en,
				Base,
			);
			mainGroup = A929984821AB62FE0003F578;
			productRefGroup = A929985221AB62FE0003F578 /* Products */;
			projectDirPath = "";
			projectRoot = "";
			targets = (
				A929985021AB62FE0003F578 /* GuilleCameraInt */,
			);
		};
/* End PBXProject section */

/* Begin PBXResourcesBuildPhase section */
		A929984F21AB62FE0003F578 /* Resources */ = {
			isa = PBXResourcesBuildPhase;
			buildActionMask = 2147483647;
			files = (
				A929985F21AB63000003F578 /* LaunchScreen.storyboard in Resources */,
				A929985C21AB63000003F578 /* Assets.xcassets in Resources */,
				A929985A21AB62FE0003F578 /* Main.storyboard in Resources */,
			);
			runOnlyForDeploymentPostprocessing = 0;
		};
/* End PBXResourcesBuildPhase section */

/* Begin PBXSourcesBuildPhase section */
		A929984D21AB62FE0003F578 /* Sources */ = {
			isa = PBXSourcesBuildPhase;
			buildActionMask = 2147483647;
			files = (
				A952EB6921B32293005F2F20 /* ViewController.swift in Sources */,
				A929985521AB62FE0003F578 /* AppDelegate.swift in Sources */,
				A929986921AB719F0003F578 /* PreviewViewController.swift in Sources */,
			);
			runOnlyForDeploymentPostprocessing = 0;
		};
/* End PBXSourcesBuildPhase section */

/* Begin PBXVariantGroup section */
		A929985821AB62FE0003F578 /* Main.storyboard */ = {
			isa = PBXVariantGroup;
			children = (
				A929985921AB62FE0003F578 /* Base */,
			);
			name = Main.storyboard;
			sourceTree = "<group>";
		};
		A929985D21AB63000003F578 /* LaunchScreen.storyboard */ = {
			isa = PBXVariantGroup;
			children = (
				A929985E21AB63000003F578 /* Base */,
			);
			name = LaunchScreen.storyboard;
			sourceTree = "<group>";
		};
/* End PBXVariantGroup section */

/* Begin XCBuildConfiguration section */
		A929986121AB63000003F578 /* Debug */ = {
			isa = XCBuildConfiguration;
			buildSettings = {
				ALWAYS_SEARCH_USER_PATHS = NO;
				CLANG_ANALYZER_NONNULL = YES;
				CLANG_ANALYZER_NUMBER_OBJECT_CONVERSION = YES_AGGRESSIVE;
				CLANG_CXX_LANGUAGE_STANDARD = "gnu++14";
				CLANG_CXX_LIBRARY = "libc++";
				CLANG_ENABLE_MODULES = YES;
				CLANG_ENABLE_OBJC_ARC = YES;
				CLANG_ENABLE_OBJC_WEAK = YES;
				CLANG_WARN_BLOCK_CAPTURE_AUTORELEASING = YES;
				CLANG_WARN_BOOL_CONVERSION = YES;
				CLANG_WARN_COMMA = YES;
				CLANG_WARN_CONSTANT_CONVERSION = YES;
				CLANG_WARN_DEPRECATED_OBJC_IMPLEMENTATIONS = YES;
				CLANG_WARN_DIRECT_OBJC_ISA_USAGE = YES_ERROR;
				CLANG_WARN_DOCUMENTATION_COMMENTS = YES;
				CLANG_WARN_EMPTY_BODY = YES;
				CLANG_WARN_ENUM_CONVERSION = YES;
				CLANG_WARN_INFINITE_RECURSION = YES;
				CLANG_WARN_INT_CONVERSION = YES;
				CLANG_WARN_NON_LITERAL_NULL_CONVERSION = YES;
				CLANG_WARN_OBJC_IMPLICIT_RETAIN_SELF = YES;
				CLANG_WARN_OBJC_LITERAL_CONVERSION = YES;
				CLANG_WARN_OBJC_ROOT_CLASS = YES_ERROR;
				CLANG_WARN_RANGE_LOOP_ANALYSIS = YES;
				CLANG_WARN_STRICT_PROTOTYPES = YES;
				CLANG_WARN_SUSPICIOUS_MOVE = YES;
				CLANG_WARN_UNGUARDED_AVAILABILITY = YES_AGGRESSIVE;
				CLANG_WARN_UNREACHABLE_CODE = YES;
				CLANG_WARN__DUPLICATE_METHOD_MATCH = YES;
				CODE_SIGN_IDENTITY = "iPhone Developer";
				COPY_PHASE_STRIP = NO;
				DEBUG_INFORMATION_FORMAT = dwarf;
				ENABLE_STRICT_OBJC_MSGSEND = YES;
				ENABLE_TESTABILITY = YES;
				GCC_C_LANGUAGE_STANDARD = gnu11;
				GCC_DYNAMIC_NO_PIC = NO;
				GCC_NO_COMMON_BLOCKS = YES;
				GCC_OPTIMIZATION_LEVEL = 0;
				GCC_PREPROCESSOR_DEFINITIONS = (
					"DEBUG=1",
					"$(inherited)",
				);
				GCC_WARN_64_TO_32_BIT_CONVERSION = YES;
				GCC_WARN_ABOUT_RETURN_TYPE = YES_ERROR;
				GCC_WARN_UNDECLARED_SELECTOR = YES;
				GCC_WARN_UNINITIALIZED_AUTOS = YES_AGGRESSIVE;
				GCC_WARN_UNUSED_FUNCTION = YES;
				GCC_WARN_UNUSED_VARIABLE = YES;
				IPHONEOS_DEPLOYMENT_TARGET = 12.1;
				MTL_ENABLE_DEBUG_INFO = INCLUDE_SOURCE;
				MTL_FAST_MATH = YES;
				ONLY_ACTIVE_ARCH = YES;
				SDKROOT = iphoneos;
				SWIFT_ACTIVE_COMPILATION_CONDITIONS = DEBUG;
				SWIFT_OPTIMIZATION_LEVEL = "-Onone";
			};
			name = Debug;
		};
		A929986221AB63000003F578 /* Release */ = {
			isa = XCBuildConfiguration;
			buildSettings = {
				ALWAYS_SEARCH_USER_PATHS = NO;
				CLANG_ANALYZER_NONNULL = YES;
				CLANG_ANALYZER_NUMBER_OBJECT_CONVERSION = YES_AGGRESSIVE;
				CLANG_CXX_LANGUAGE_STANDARD = "gnu++14";
				CLANG_CXX_LIBRARY = "libc++";
				CLANG_ENABLE_MODULES = YES;
				CLANG_ENABLE_OBJC_ARC = YES;
				CLANG_ENABLE_OBJC_WEAK = YES;
				CLANG_WARN_BLOCK_CAPTURE_AUTORELEASING = YES;
				CLANG_WARN_BOOL_CONVERSION = YES;
				CLANG_WARN_COMMA = YES;
				CLANG_WARN_CONSTANT_CONVERSION = YES;
				CLANG_WARN_DEPRECATED_OBJC_IMPLEMENTATIONS = YES;
				CLANG_WARN_DIRECT_OBJC_ISA_USAGE = YES_ERROR;
				CLANG_WARN_DOCUMENTATION_COMMENTS = YES;
				CLANG_WARN_EMPTY_BODY = YES;
				CLANG_WARN_ENUM_CONVERSION = YES;
				CLANG_WARN_INFINITE_RECURSION = YES;
				CLANG_WARN_INT_CONVERSION = YES;
				CLANG_WARN_NON_LITERAL_NULL_CONVERSION = YES;
				CLANG_WARN_OBJC_IMPLICIT_RETAIN_SELF = YES;
				CLANG_WARN_OBJC_LITERAL_CONVERSION = YES;
				CLANG_WARN_OBJC_ROOT_CLASS = YES_ERROR;
				CLANG_WARN_RANGE_LOOP_ANALYSIS = YES;
				CLANG_WARN_STRICT_PROTOTYPES = YES;
				CLANG_WARN_SUSPICIOUS_MOVE = YES;
				CLANG_WARN_UNGUARDED_AVAILABILITY = YES_AGGRESSIVE;
				CLANG_WARN_UNREACHABLE_CODE = YES;
				CLANG_WARN__DUPLICATE_METHOD_MATCH = YES;
				CODE_SIGN_IDENTITY = "iPhone Developer";
				COPY_PHASE_STRIP = NO;
				DEBUG_INFORMATION_FORMAT = "dwarf-with-dsym";
				ENABLE_NS_ASSERTIONS = NO;
				ENABLE_STRICT_OBJC_MSGSEND = YES;
				GCC_C_LANGUAGE_STANDARD = gnu11;
				GCC_NO_COMMON_BLOCKS = YES;
				GCC_WARN_64_TO_32_BIT_CONVERSION = YES;
				GCC_WARN_ABOUT_RETURN_TYPE = YES_ERROR;
				GCC_WARN_UNDECLARED_SELECTOR = YES;
				GCC_WARN_UNINITIALIZED_AUTOS = YES_AGGRESSIVE;
				GCC_WARN_UNUSED_FUNCTION = YES;
				GCC_WARN_UNUSED_VARIABLE = YES;
				IPHONEOS_DEPLOYMENT_TARGET = 12.1;
				MTL_ENABLE_DEBUG_INFO = NO;
				MTL_FAST_MATH = YES;
				SDKROOT = iphoneos;
				SWIFT_COMPILATION_MODE = wholemodule;
				SWIFT_OPTIMIZATION_LEVEL = "-O";
				VALIDATE_PRODUCT = YES;
			};
			name = Release;
		};
		A929986421AB63000003F578 /* Debug */ = {
			isa = XCBuildConfiguration;
			buildSettings = {
				ASSETCATALOG_COMPILER_APPICON_NAME = AppIcon;
				CODE_SIGN_STYLE = Automatic;
				DEVELOPMENT_TEAM = S22NC6S4LN;
				INFOPLIST_FILE = GuilleCameraInt/Info.plist;
				IPHONEOS_DEPLOYMENT_TARGET = 11.0;
				LD_RUNPATH_SEARCH_PATHS = (
					"$(inherited)",
					"@executable_path/Frameworks",
				);
				PRODUCT_BUNDLE_IDENTIFIER = com.Alex.guileCameraInt.ibrahimHassan;
				PRODUCT_NAME = "$(TARGET_NAME)";
				SWIFT_VERSION = 4.2;
				TARGETED_DEVICE_FAMILY = 1;
			};
			name = Debug;
		};
		A929986521AB63000003F578 /* Release */ = {
			isa = XCBuildConfiguration;
			buildSettings = {
				ASSETCATALOG_COMPILER_APPICON_NAME = AppIcon;
				CODE_SIGN_STYLE = Automatic;
				DEVELOPMENT_TEAM = S22NC6S4LN;
				INFOPLIST_FILE = GuilleCameraInt/Info.plist;
				IPHONEOS_DEPLOYMENT_TARGET = 11.0;
				LD_RUNPATH_SEARCH_PATHS = (
					"$(inherited)",
					"@executable_path/Frameworks",
				);
				PRODUCT_BUNDLE_IDENTIFIER = com.Alex.guileCameraInt.ibrahimHassan;
				PRODUCT_NAME = "$(TARGET_NAME)";
				SWIFT_VERSION = 4.2;
				TARGETED_DEVICE_FAMILY = 1;
			};
			name = Release;
		};
/* End XCBuildConfiguration section */

/* Begin XCConfigurationList section */
		A929984C21AB62FE0003F578 /* Build configuration list for PBXProject "GuilleCameraInt" */ = {
			isa = XCConfigurationList;
			buildConfigurations = (
				A929986121AB63000003F578 /* Debug */,
				A929986221AB63000003F578 /* Release */,
			);
			defaultConfigurationIsVisible = 0;
			defaultConfigurationName = Release;
		};
		A929986321AB63000003F578 /* Build configuration list for PBXNativeTarget "GuilleCameraInt" */ = {
			isa = XCConfigurationList;
			buildConfigurations = (
				A929986421AB63000003F578 /* Debug */,
				A929986521AB63000003F578 /* Release */,
			);
			defaultConfigurationIsVisible = 0;
			defaultConfigurationName = Release;
		};
/* End XCConfigurationList section */
	};
	rootObject = A929984921AB62FE0003F578 /* Project object */;
}
